// !$*UTF8*$!
{
	archiveVersion = 1;
	classes = {
	};
	objectVersion = 77;
	objects = {

/* Begin PBXBuildFile section */
		06C684D70D38D16CC11F0335 /* ContentView.swift in Sources */ = {isa = PBXBuildFile; fileRef = 540FCD277EE8BABB04858459 /* ContentView.swift */; };
		0899D5A7A83705044E36A4D1 /* OnboardingView.swift in Sources */ = {isa = PBXBuildFile; fileRef = CA8F4BC117D9C77750131C14 /* OnboardingView.swift */; };
		0942E2A3768379B4E0645E95 /* DBLocator.swift in Sources */ = {isa = PBXBuildFile; fileRef = 312B12E5DBED56BC8D26A824 /* DBLocator.swift */; };
		13E82CC738E64BF4AF81413C /* OnboardingViewModelTests.swift in Sources */ = {isa = PBXBuildFile; fileRef = 2F39AE5A2540F188A4970E83 /* OnboardingViewModelTests.swift */; };
		1434D99D677ACB6C78E60D2B /* EmptySpaceView.swift in Sources */ = {isa = PBXBuildFile; fileRef = ACC6B5E6B22171AE009488A2 /* EmptySpaceView.swift */; };
		1FEE9E0D79BEAD0B7B77CFA4 /* SidebarViewModelTests.swift in Sources */ = {isa = PBXBuildFile; fileRef = AB6D90DE0EB0F761E7793A80 /* SidebarViewModelTests.swift */; };
		21286354B7D58F444C42AD47 /* OrpheusApp.swift in Sources */ = {isa = PBXBuildFile; fileRef = E02455E6933CCE4B11F8ED21 /* OrpheusApp.swift */; };
		2C756229AF481D9AA1AFDDBC /* EmptyState.swift in Sources */ = {isa = PBXBuildFile; fileRef = BF49EE8FA4C4A6829F0CD4F3 /* EmptyState.swift */; };
		30BD9942793EF767F71174FC /* OrpheusAppLogger.swift in Sources */ = {isa = PBXBuildFile; fileRef = 6863A728A8B6E197B06ACFCE /* OrpheusAppLogger.swift */; };
		3999355B60819C3C6203F5BA /* DisciplineLintTests.swift in Sources */ = {isa = PBXBuildFile; fileRef = 479BA73960AE1C68F21B3437 /* DisciplineLintTests.swift */; };
		3A0A5429599468936B979BC5 /* OrpheusCore in Frameworks */ = {isa = PBXBuildFile; productRef = AEC4EBEFF5313627BE045940 /* OrpheusCore */; };
		6427F8CDD906311E6B816BC7 /* DashboardViewModel.swift in Sources */ = {isa = PBXBuildFile; fileRef = 7D28406DF44FDA4C1B5E6CAA /* DashboardViewModel.swift */; };
		65CC247A308DCEC8E3E91022 /* ProjectRow.swift in Sources */ = {isa = PBXBuildFile; fileRef = 410F73B129E6C9CCD8F8EDFA /* ProjectRow.swift */; };
		68DC69174EE5DA3492EF0D2A /* SidebarViewModel.swift in Sources */ = {isa = PBXBuildFile; fileRef = AB22A067AB68F134B9AB24E0 /* SidebarViewModel.swift */; };
		6BC075152913F30FD57F4460 /* AppStateTests.swift in Sources */ = {isa = PBXBuildFile; fileRef = 6BAFBBB5D98BA78F71D034D4 /* AppStateTests.swift */; };
		77802A79ABDA1C125873F50B /* LoadingSkeleton.swift in Sources */ = {isa = PBXBuildFile; fileRef = 9818E20022EFFEB621552B74 /* LoadingSkeleton.swift */; };
		78DC409DC331918C4878D5A8 /* OnboardingViewModel.swift in Sources */ = {isa = PBXBuildFile; fileRef = 388AC2238AD634CD0E1EFEDD /* OnboardingViewModel.swift */; };
		858251694A617B575C5DDCF9 /* DashboardView.swift in Sources */ = {isa = PBXBuildFile; fileRef = 293BE576864F5A63EBBCF5AE /* DashboardView.swift */; };
		92639342709CEE53B591C904 /* Assets.xcassets in Resources */ = {isa = PBXBuildFile; fileRef = C49731428325C32FD1D362E7 /* Assets.xcassets */; };
		B163859E9E063BF61BB2B6AD /* SidebarSection.swift in Sources */ = {isa = PBXBuildFile; fileRef = E6A73D1E23B559AFA556892F /* SidebarSection.swift */; };
		B369BCC47CE42F6360B04324 /* OrpheusCore in Frameworks */ = {isa = PBXBuildFile; productRef = 058AA9AE4E42DA07C0D67F28 /* OrpheusCore */; };
		BADF133E390FD97EE8A403D7 /* ErrorToast.swift in Sources */ = {isa = PBXBuildFile; fileRef = CA6E2B47290B5805599027E7 /* ErrorToast.swift */; };
		BDD75DAA92B724CECAEB8C39 /* OrpheusDesign in Frameworks */ = {isa = PBXBuildFile; productRef = DD70FEFC9D43C0ACE9E13AA7 /* OrpheusDesign */; };
		C908AC888C9FE399A974655B /* SessionsListPane.swift in Sources */ = {isa = PBXBuildFile; fileRef = 2331898B5B397D1C7EADF319 /* SessionsListPane.swift */; };
		D197B65744DD5138F94817A0 /* AppDelegate.swift in Sources */ = {isa = PBXBuildFile; fileRef = DEEBB9CA3D2338FFC3DC1F61 /* AppDelegate.swift */; };
		D44D99BB85F9A55EF295BB78 /* DashboardViewModelTests.swift in Sources */ = {isa = PBXBuildFile; fileRef = 48892E840C6F62CD95546FC8 /* DashboardViewModelTests.swift */; };
		D515073FBD1EA57784BCBB33 /* ActivityHeatmapStub.swift in Sources */ = {isa = PBXBuildFile; fileRef = E6F1931CD9D9C1379EDCCE08 /* ActivityHeatmapStub.swift */; };
		D5E28B2D7394E4535AE76878 /* ToolbarBuilder.swift in Sources */ = {isa = PBXBuildFile; fileRef = 75B8C6B914DF88688D317FE1 /* ToolbarBuilder.swift */; };
		D66A0249D7B2A17EA93674CD /* OrpheusAppError.swift in Sources */ = {isa = PBXBuildFile; fileRef = 22C1AB17A0A7C1230D103644 /* OrpheusAppError.swift */; };
		DE7472A4273354A06AB5EA4D /* MainWindowController.swift in Sources */ = {isa = PBXBuildFile; fileRef = 0316F3DAB1A7FBD42A3F88CE /* MainWindowController.swift */; };
		E23AF4D6786EE12F9FB209A6 /* SpaceRow.swift in Sources */ = {isa = PBXBuildFile; fileRef = CA912F687F7AF1527C8FA768 /* SpaceRow.swift */; };
		E337C552FC9BAA4CB9A5112B /* ErrorBanner.swift in Sources */ = {isa = PBXBuildFile; fileRef = FFFF9A2535064DED4660535F /* ErrorBanner.swift */; };
		EF3F25A64C29A1742768A664 /* CriticalErrorView.swift in Sources */ = {isa = PBXBuildFile; fileRef = B03A1C9CA7FEEB73EC83574E /* CriticalErrorView.swift */; };
		F04DB542E316F2255CC7037F /* ProjectsListPane.swift in Sources */ = {isa = PBXBuildFile; fileRef = A89FFE6C17BED6FAD1675775 /* ProjectsListPane.swift */; };
		F135A4C9F5348C42EC2A084D /* AppState.swift in Sources */ = {isa = PBXBuildFile; fileRef = 0D8ACEAA62F71DA15F6E73D6 /* AppState.swift */; };
		F87B9875D60E7F15D84CF111 /* SidebarView.swift in Sources */ = {isa = PBXBuildFile; fileRef = 8897BA019D3537F1EEF69915 /* SidebarView.swift */; };
		FC0091C8DEB9CCF8AEDB3542 /* MainWindow.swift in Sources */ = {isa = PBXBuildFile; fileRef = B40C3C7DFB3333CA5C310B89 /* MainWindow.swift */; };
/* End PBXBuildFile section */

/* Begin PBXContainerItemProxy section */
		51080A8A506FC289B35734CB /* PBXContainerItemProxy */ = {
			isa = PBXContainerItemProxy;
			containerPortal = 70BF91E92BF155BD11B209F0 /* Project object */;
			proxyType = 1;
			remoteGlobalIDString = B70680E5A38927916A353588;
			remoteInfo = Orpheus;
		};
/* End PBXContainerItemProxy section */

/* Begin PBXFileReference section */
		0316F3DAB1A7FBD42A3F88CE /* MainWindowController.swift */ = {isa = PBXFileReference; lastKnownFileType = sourcecode.swift; path = MainWindowController.swift; sourceTree = "<group>"; };
		0D8ACEAA62F71DA15F6E73D6 /* AppState.swift */ = {isa = PBXFileReference; lastKnownFileType = sourcecode.swift; path = AppState.swift; sourceTree = "<group>"; };
		22C1AB17A0A7C1230D103644 /* OrpheusAppError.swift */ = {isa = PBXFileReference; lastKnownFileType = sourcecode.swift; path = OrpheusAppError.swift; sourceTree = "<group>"; };
		2331898B5B397D1C7EADF319 /* SessionsListPane.swift */ = {isa = PBXFileReference; lastKnownFileType = sourcecode.swift; path = SessionsListPane.swift; sourceTree = "<group>"; };
		293BE576864F5A63EBBCF5AE /* DashboardView.swift */ = {isa = PBXFileReference; lastKnownFileType = sourcecode.swift; path = DashboardView.swift; sourceTree = "<group>"; };
		2F39AE5A2540F188A4970E83 /* OnboardingViewModelTests.swift */ = {isa = PBXFileReference; lastKnownFileType = sourcecode.swift; path = OnboardingViewModelTests.swift; sourceTree = "<group>"; };
		312B12E5DBED56BC8D26A824 /* DBLocator.swift */ = {isa = PBXFileReference; lastKnownFileType = sourcecode.swift; path = DBLocator.swift; sourceTree = "<group>"; };
		388AC2238AD634CD0E1EFEDD /* OnboardingViewModel.swift */ = {isa = PBXFileReference; lastKnownFileType = sourcecode.swift; path = OnboardingViewModel.swift; sourceTree = "<group>"; };
		410F73B129E6C9CCD8F8EDFA /* ProjectRow.swift */ = {isa = PBXFileReference; lastKnownFileType = sourcecode.swift; path = ProjectRow.swift; sourceTree = "<group>"; };
		479BA73960AE1C68F21B3437 /* DisciplineLintTests.swift */ = {isa = PBXFileReference; lastKnownFileType = sourcecode.swift; path = DisciplineLintTests.swift; sourceTree = "<group>"; };
		48892E840C6F62CD95546FC8 /* DashboardViewModelTests.swift */ = {isa = PBXFileReference; lastKnownFileType = sourcecode.swift; path = DashboardViewModelTests.swift; sourceTree = "<group>"; };
		540FCD277EE8BABB04858459 /* ContentView.swift */ = {isa = PBXFileReference; lastKnownFileType = sourcecode.swift; path = ContentView.swift; sourceTree = "<group>"; };
		60ED7761F2DB961B64F99845 /* Orpheus.app */ = {isa = PBXFileReference; explicitFileType = wrapper.application; includeInIndex = 0; path = Orpheus.app; sourceTree = BUILT_PRODUCTS_DIR; };
		6863A728A8B6E197B06ACFCE /* OrpheusAppLogger.swift */ = {isa = PBXFileReference; lastKnownFileType = sourcecode.swift; path = OrpheusAppLogger.swift; sourceTree = "<group>"; };
		6BAFBBB5D98BA78F71D034D4 /* AppStateTests.swift */ = {isa = PBXFileReference; lastKnownFileType = sourcecode.swift; path = AppStateTests.swift; sourceTree = "<group>"; };
		75B8C6B914DF88688D317FE1 /* ToolbarBuilder.swift */ = {isa = PBXFileReference; lastKnownFileType = sourcecode.swift; path = ToolbarBuilder.swift; sourceTree = "<group>"; };
		7D28406DF44FDA4C1B5E6CAA /* DashboardViewModel.swift */ = {isa = PBXFileReference; lastKnownFileType = sourcecode.swift; path = DashboardViewModel.swift; sourceTree = "<group>"; };
		8653CBAEFAA0974C3795BAF0 /* OrpheusAppTests.xctest */ = {isa = PBXFileReference; explicitFileType = wrapper.cfbundle; includeInIndex = 0; path = OrpheusAppTests.xctest; sourceTree = BUILT_PRODUCTS_DIR; };
		8897BA019D3537F1EEF69915 /* SidebarView.swift */ = {isa = PBXFileReference; lastKnownFileType = sourcecode.swift; path = SidebarView.swift; sourceTree = "<group>"; };
		9818E20022EFFEB621552B74 /* LoadingSkeleton.swift */ = {isa = PBXFileReference; lastKnownFileType = sourcecode.swift; path = LoadingSkeleton.swift; sourceTree = "<group>"; };
		A89FFE6C17BED6FAD1675775 /* ProjectsListPane.swift */ = {isa = PBXFileReference; lastKnownFileType = sourcecode.swift; path = ProjectsListPane.swift; sourceTree = "<group>"; };
		AB22A067AB68F134B9AB24E0 /* SidebarViewModel.swift */ = {isa = PBXFileReference; lastKnownFileType = sourcecode.swift; path = SidebarViewModel.swift; sourceTree = "<group>"; };
		AB6D90DE0EB0F761E7793A80 /* SidebarViewModelTests.swift */ = {isa = PBXFileReference; lastKnownFileType = sourcecode.swift; path = SidebarViewModelTests.swift; sourceTree = "<group>"; };
		ACC6B5E6B22171AE009488A2 /* EmptySpaceView.swift */ = {isa = PBXFileReference; lastKnownFileType = sourcecode.swift; path = EmptySpaceView.swift; sourceTree = "<group>"; };
		B03A1C9CA7FEEB73EC83574E /* CriticalErrorView.swift */ = {isa = PBXFileReference; lastKnownFileType = sourcecode.swift; path = CriticalErrorView.swift; sourceTree = "<group>"; };
		B40C3C7DFB3333CA5C310B89 /* MainWindow.swift */ = {isa = PBXFileReference; lastKnownFileType = sourcecode.swift; path = MainWindow.swift; sourceTree = "<group>"; };
		BF49EE8FA4C4A6829F0CD4F3 /* EmptyState.swift */ = {isa = PBXFileReference; lastKnownFileType = sourcecode.swift; path = EmptyState.swift; sourceTree = "<group>"; };
		C24860086382C54EE1606EA9 /* OrpheusDesign */ = {isa = PBXFileReference; lastKnownFileType = folder; name = OrpheusDesign; path = ../../packages/OrpheusDesign; sourceTree = SOURCE_ROOT; };
		C49731428325C32FD1D362E7 /* Assets.xcassets */ = {isa = PBXFileReference; lastKnownFileType = folder.assetcatalog; path = Assets.xcassets; sourceTree = "<group>"; };
		C84A5D633771234DC766DF1F /* OrpheusCore */ = {isa = PBXFileReference; lastKnownFileType = folder; name = OrpheusCore; path = ../../packages/OrpheusCore; sourceTree = SOURCE_ROOT; };
		CA6E2B47290B5805599027E7 /* ErrorToast.swift */ = {isa = PBXFileReference; lastKnownFileType = sourcecode.swift; path = ErrorToast.swift; sourceTree = "<group>"; };
		CA8F4BC117D9C77750131C14 /* OnboardingView.swift */ = {isa = PBXFileReference; lastKnownFileType = sourcecode.swift; path = OnboardingView.swift; sourceTree = "<group>"; };
		CA912F687F7AF1527C8FA768 /* SpaceRow.swift */ = {isa = PBXFileReference; lastKnownFileType = sourcecode.swift; path = SpaceRow.swift; sourceTree = "<group>"; };
		DEEBB9CA3D2338FFC3DC1F61 /* AppDelegate.swift */ = {isa = PBXFileReference; lastKnownFileType = sourcecode.swift; path = AppDelegate.swift; sourceTree = "<group>"; };
		E02455E6933CCE4B11F8ED21 /* OrpheusApp.swift */ = {isa = PBXFileReference; lastKnownFileType = sourcecode.swift; path = OrpheusApp.swift; sourceTree = "<group>"; };
		E6A73D1E23B559AFA556892F /* SidebarSection.swift */ = {isa = PBXFileReference; lastKnownFileType = sourcecode.swift; path = SidebarSection.swift; sourceTree = "<group>"; };
		E6F1931CD9D9C1379EDCCE08 /* ActivityHeatmapStub.swift */ = {isa = PBXFileReference; lastKnownFileType = sourcecode.swift; path = ActivityHeatmapStub.swift; sourceTree = "<group>"; };
		FFFF9A2535064DED4660535F /* ErrorBanner.swift */ = {isa = PBXFileReference; lastKnownFileType = sourcecode.swift; path = ErrorBanner.swift; sourceTree = "<group>"; };
/* End PBXFileReference section */

/* Begin PBXFrameworksBuildPhase section */
		314A7B73AFF8B9322FCB0DEF /* Frameworks */ = {
			isa = PBXFrameworksBuildPhase;
			buildActionMask = 2147483647;
			files = (
				BDD75DAA92B724CECAEB8C39 /* OrpheusDesign in Frameworks */,
				B369BCC47CE42F6360B04324 /* OrpheusCore in Frameworks */,
			);
			runOnlyForDeploymentPostprocessing = 0;
		};
		C228B679D75CD645D43A5462 /* Frameworks */ = {
			isa = PBXFrameworksBuildPhase;
			buildActionMask = 2147483647;
			files = (
				3A0A5429599468936B979BC5 /* OrpheusCore in Frameworks */,
			);
			runOnlyForDeploymentPostprocessing = 0;
		};
/* End PBXFrameworksBuildPhase section */

/* Begin PBXGroup section */
		0BF32307840229E16E11F3F5 /* Onboarding */ = {
			isa = PBXGroup;
			children = (
				CA8F4BC117D9C77750131C14 /* OnboardingView.swift */,
			);
			path = Onboarding;
			sourceTree = "<group>";
		};
		1F323736C1DE9A83E38F6B4E /* Products */ = {
			isa = PBXGroup;
			children = (
				60ED7761F2DB961B64F99845 /* Orpheus.app */,
				8653CBAEFAA0974C3795BAF0 /* OrpheusAppTests.xctest */,
			);
			name = Products;
			sourceTree = "<group>";
		};
		23976DDEB42567F8070A31BB /* Resources */ = {
			isa = PBXGroup;
			children = (
				C49731428325C32FD1D362E7 /* Assets.xcassets */,
			);
			path = Resources;
			sourceTree = "<group>";
		};
		341C96CAB95DA846CFABFD2D /* EmptySpace */ = {
			isa = PBXGroup;
			children = (
				ACC6B5E6B22171AE009488A2 /* EmptySpaceView.swift */,
			);
			path = EmptySpace;
			sourceTree = "<group>";
		};
		379446699A1C62581BEE4D62 /* App */ = {
			isa = PBXGroup;
			children = (
				DEEBB9CA3D2338FFC3DC1F61 /* AppDelegate.swift */,
				E02455E6933CCE4B11F8ED21 /* OrpheusApp.swift */,
			);
			path = App;
			sourceTree = "<group>";
		};
		38780C12296C43CE3BD86D76 /* Dashboard */ = {
			isa = PBXGroup;
			children = (
				E6F1931CD9D9C1379EDCCE08 /* ActivityHeatmapStub.swift */,
				293BE576864F5A63EBBCF5AE /* DashboardView.swift */,
				A89FFE6C17BED6FAD1675775 /* ProjectsListPane.swift */,
				2331898B5B397D1C7EADF319 /* SessionsListPane.swift */,
			);
			path = Dashboard;
			sourceTree = "<group>";
		};
		3B60ACD32895B0F1D3A0D7C8 /* States */ = {
			isa = PBXGroup;
			children = (
				B03A1C9CA7FEEB73EC83574E /* CriticalErrorView.swift */,
				BF49EE8FA4C4A6829F0CD4F3 /* EmptyState.swift */,
				FFFF9A2535064DED4660535F /* ErrorBanner.swift */,
				CA6E2B47290B5805599027E7 /* ErrorToast.swift */,
				9818E20022EFFEB621552B74 /* LoadingSkeleton.swift */,
			);
			path = States;
			sourceTree = "<group>";
		};
		3D36C8D6533F2C29DE06493A /* Packages */ = {
			isa = PBXGroup;
			children = (
				C84A5D633771234DC766DF1F /* OrpheusCore */,
				C24860086382C54EE1606EA9 /* OrpheusDesign */,
			);
			name = Packages;
			sourceTree = "<group>";
		};
		730762545100C04944E4FFFF /* Views */ = {
			isa = PBXGroup;
			children = (
				540FCD277EE8BABB04858459 /* ContentView.swift */,
				38780C12296C43CE3BD86D76 /* Dashboard */,
				341C96CAB95DA846CFABFD2D /* EmptySpace */,
				0BF32307840229E16E11F3F5 /* Onboarding */,
				942EF243AE5FA5E1B1A7EE15 /* Sidebar */,
				3B60ACD32895B0F1D3A0D7C8 /* States */,
			);
			path = Views;
			sourceTree = "<group>";
		};
		85DD19FF942C2F506A14995F /* Orpheus */ = {
			isa = PBXGroup;
			children = (
				379446699A1C62581BEE4D62 /* App */,
				FB63053339292FFC05F8A94B /* Internal */,
				23976DDEB42567F8070A31BB /* Resources */,
				D959FAE79503EC885E62E34A /* State */,
				730762545100C04944E4FFFF /* Views */,
				9354DCDEC269C59F1566DEBC /* Window */,
			);
			path = Orpheus;
			sourceTree = "<group>";
		};
		9354DCDEC269C59F1566DEBC /* Window */ = {
			isa = PBXGroup;
			children = (
				B40C3C7DFB3333CA5C310B89 /* MainWindow.swift */,
				0316F3DAB1A7FBD42A3F88CE /* MainWindowController.swift */,
				75B8C6B914DF88688D317FE1 /* ToolbarBuilder.swift */,
			);
			path = Window;
			sourceTree = "<group>";
		};
		942EF243AE5FA5E1B1A7EE15 /* Sidebar */ = {
			isa = PBXGroup;
			children = (
				410F73B129E6C9CCD8F8EDFA /* ProjectRow.swift */,
				E6A73D1E23B559AFA556892F /* SidebarSection.swift */,
				8897BA019D3537F1EEF69915 /* SidebarView.swift */,
				CA912F687F7AF1527C8FA768 /* SpaceRow.swift */,
			);
			path = Sidebar;
			sourceTree = "<group>";
		};
		BF9CC5C7A76FE364BD7C3AB9 = {
			isa = PBXGroup;
			children = (
				85DD19FF942C2F506A14995F /* Orpheus */,
				D0B093405871C45D8C7068CF /* OrpheusAppTests */,
				3D36C8D6533F2C29DE06493A /* Packages */,
				1F323736C1DE9A83E38F6B4E /* Products */,
			);
			sourceTree = "<group>";
		};
		D0B093405871C45D8C7068CF /* OrpheusAppTests */ = {
			isa = PBXGroup;
			children = (
				6BAFBBB5D98BA78F71D034D4 /* AppStateTests.swift */,
				48892E840C6F62CD95546FC8 /* DashboardViewModelTests.swift */,
				479BA73960AE1C68F21B3437 /* DisciplineLintTests.swift */,
				2F39AE5A2540F188A4970E83 /* OnboardingViewModelTests.swift */,
				AB6D90DE0EB0F761E7793A80 /* SidebarViewModelTests.swift */,
			);
			path = OrpheusAppTests;
			sourceTree = "<group>";
		};
		D959FAE79503EC885E62E34A /* State */ = {
			isa = PBXGroup;
			children = (
				0D8ACEAA62F71DA15F6E73D6 /* AppState.swift */,
				7D28406DF44FDA4C1B5E6CAA /* DashboardViewModel.swift */,
				388AC2238AD634CD0E1EFEDD /* OnboardingViewModel.swift */,
				AB22A067AB68F134B9AB24E0 /* SidebarViewModel.swift */,
			);
			path = State;
			sourceTree = "<group>";
		};
		FB63053339292FFC05F8A94B /* Internal */ = {
			isa = PBXGroup;
			children = (
				312B12E5DBED56BC8D26A824 /* DBLocator.swift */,
				22C1AB17A0A7C1230D103644 /* OrpheusAppError.swift */,
				6863A728A8B6E197B06ACFCE /* OrpheusAppLogger.swift */,
			);
			path = Internal;
			sourceTree = "<group>";
		};
/* End PBXGroup section */

/* Begin PBXNativeTarget section */
		B70680E5A38927916A353588 /* Orpheus */ = {
			isa = PBXNativeTarget;
			buildConfigurationList = 9BDAC18DD5418CFCB7760EA2 /* Build configuration list for PBXNativeTarget "Orpheus" */;
			buildPhases = (
				D5E4275FA60D15424D69236D /* Sources */,
				33850FE3EDE382A6FB5AA65B /* Resources */,
				314A7B73AFF8B9322FCB0DEF /* Frameworks */,
			);
			buildRules = (
			);
			dependencies = (
			);
			name = Orpheus;
			packageProductDependencies = (
				DD70FEFC9D43C0ACE9E13AA7 /* OrpheusDesign */,
				058AA9AE4E42DA07C0D67F28 /* OrpheusCore */,
			);
			productName = Orpheus;
			productReference = 60ED7761F2DB961B64F99845 /* Orpheus.app */;
			productType = "com.apple.product-type.application";
		};
		ECCEB7BBC7081C0418395E32 /* OrpheusAppTests */ = {
			isa = PBXNativeTarget;
			buildConfigurationList = 355BA4D036E82A6D63389D71 /* Build configuration list for PBXNativeTarget "OrpheusAppTests" */;
			buildPhases = (
				28D21548D8370BDBE54107CD /* Sources */,
				C228B679D75CD645D43A5462 /* Frameworks */,
			);
			buildRules = (
			);
			dependencies = (
				8C3991FCD12EA8BD04C82F3F /* PBXTargetDependency */,
			);
			name = OrpheusAppTests;
			packageProductDependencies = (
				AEC4EBEFF5313627BE045940 /* OrpheusCore */,
			);
			productName = OrpheusAppTests;
			productReference = 8653CBAEFAA0974C3795BAF0 /* OrpheusAppTests.xctest */;
			productType = "com.apple.product-type.bundle.unit-test";
		};
/* End PBXNativeTarget section */

/* Begin PBXProject section */
		70BF91E92BF155BD11B209F0 /* Project object */ = {
			isa = PBXProject;
			attributes = {
				BuildIndependentTargetsInParallel = YES;
				LastUpgradeCheck = 1500;
				TargetAttributes = {
					B70680E5A38927916A353588 = {
						ProvisioningStyle = Automatic;
					};
					ECCEB7BBC7081C0418395E32 = {
						ProvisioningStyle = Automatic;
					};
				};
			};
			buildConfigurationList = 4BB0712474B225768AEF1B07 /* Build configuration list for PBXProject "Orpheus" */;
			developmentRegion = en;
			hasScannedForEncodings = 0;
			knownRegions = (
				Base,
				en,
			);
			mainGroup = BF9CC5C7A76FE364BD7C3AB9;
			minimizedProjectReferenceProxies = 1;
			packageReferences = (
				83D6ADCE96E2D0AD191021B4 /* XCLocalSwiftPackageReference "../../packages/OrpheusCore" */,
				7DF36855902A0F37693FB8B6 /* XCLocalSwiftPackageReference "../../packages/OrpheusDesign" */,
			);
			preferredProjectObjectVersion = 77;
			productRefGroup = 1F323736C1DE9A83E38F6B4E /* Products */;
			projectDirPath = "";
			projectRoot = "";
			targets = (
				B70680E5A38927916A353588 /* Orpheus */,
				ECCEB7BBC7081C0418395E32 /* OrpheusAppTests */,
			);
		};
/* End PBXProject section */

/* Begin PBXResourcesBuildPhase section */
		33850FE3EDE382A6FB5AA65B /* Resources */ = {
			isa = PBXResourcesBuildPhase;
			buildActionMask = 2147483647;
			files = (
				92639342709CEE53B591C904 /* Assets.xcassets in Resources */,
			);
			runOnlyForDeploymentPostprocessing = 0;
		};
/* End PBXResourcesBuildPhase section */

/* Begin PBXSourcesBuildPhase section */
		28D21548D8370BDBE54107CD /* Sources */ = {
			isa = PBXSourcesBuildPhase;
			buildActionMask = 2147483647;
			files = (
				6BC075152913F30FD57F4460 /* AppStateTests.swift in Sources */,
				D44D99BB85F9A55EF295BB78 /* DashboardViewModelTests.swift in Sources */,
				3999355B60819C3C6203F5BA /* DisciplineLintTests.swift in Sources */,
				13E82CC738E64BF4AF81413C /* OnboardingViewModelTests.swift in Sources */,
				1FEE9E0D79BEAD0B7B77CFA4 /* SidebarViewModelTests.swift in Sources */,
			);
			runOnlyForDeploymentPostprocessing = 0;
		};
		D5E4275FA60D15424D69236D /* Sources */ = {
			isa = PBXSourcesBuildPhase;
			buildActionMask = 2147483647;
			files = (
				D515073FBD1EA57784BCBB33 /* ActivityHeatmapStub.swift in Sources */,
				D197B65744DD5138F94817A0 /* AppDelegate.swift in Sources */,
				F135A4C9F5348C42EC2A084D /* AppState.swift in Sources */,
				06C684D70D38D16CC11F0335 /* ContentView.swift in Sources */,
				EF3F25A64C29A1742768A664 /* CriticalErrorView.swift in Sources */,
				0942E2A3768379B4E0645E95 /* DBLocator.swift in Sources */,
				858251694A617B575C5DDCF9 /* DashboardView.swift in Sources */,
				6427F8CDD906311E6B816BC7 /* DashboardViewModel.swift in Sources */,
				1434D99D677ACB6C78E60D2B /* EmptySpaceView.swift in Sources */,
				2C756229AF481D9AA1AFDDBC /* EmptyState.swift in Sources */,
				E337C552FC9BAA4CB9A5112B /* ErrorBanner.swift in Sources */,
				BADF133E390FD97EE8A403D7 /* ErrorToast.swift in Sources */,
				77802A79ABDA1C125873F50B /* LoadingSkeleton.swift in Sources */,
				FC0091C8DEB9CCF8AEDB3542 /* MainWindow.swift in Sources */,
				DE7472A4273354A06AB5EA4D /* MainWindowController.swift in Sources */,
				0899D5A7A83705044E36A4D1 /* OnboardingView.swift in Sources */,
				78DC409DC331918C4878D5A8 /* OnboardingViewModel.swift in Sources */,
				21286354B7D58F444C42AD47 /* OrpheusApp.swift in Sources */,
				D66A0249D7B2A17EA93674CD /* OrpheusAppError.swift in Sources */,
				30BD9942793EF767F71174FC /* OrpheusAppLogger.swift in Sources */,
				65CC247A308DCEC8E3E91022 /* ProjectRow.swift in Sources */,
				F04DB542E316F2255CC7037F /* ProjectsListPane.swift in Sources */,
				C908AC888C9FE399A974655B /* SessionsListPane.swift in Sources */,
				B163859E9E063BF61BB2B6AD /* SidebarSection.swift in Sources */,
				F87B9875D60E7F15D84CF111 /* SidebarView.swift in Sources */,
				68DC69174EE5DA3492EF0D2A /* SidebarViewModel.swift in Sources */,
				E23AF4D6786EE12F9FB209A6 /* SpaceRow.swift in Sources */,
				D5E28B2D7394E4535AE76878 /* ToolbarBuilder.swift in Sources */,
			);
			runOnlyForDeploymentPostprocessing = 0;
		};
/* End PBXSourcesBuildPhase section */

/* Begin PBXTargetDependency section */
		8C3991FCD12EA8BD04C82F3F /* PBXTargetDependency */ = {
			isa = PBXTargetDependency;
			target = B70680E5A38927916A353588 /* Orpheus */;
			targetProxy = 51080A8A506FC289B35734CB /* PBXContainerItemProxy */;
		};
/* End PBXTargetDependency section */

/* Begin XCBuildConfiguration section */
		0FC21AC3FDB0C1D0AE2129AB /* Debug */ = {
			isa = XCBuildConfiguration;
			buildSettings = {
				ALWAYS_SEARCH_USER_PATHS = NO;
				CLANG_ANALYZER_NONNULL = YES;
				CLANG_ANALYZER_NUMBER_OBJECT_CONVERSION = YES_AGGRESSIVE;
				CLANG_CXX_LANGUAGE_STANDARD = "gnu++14";
				CLANG_CXX_LIBRARY = "libc++";
				CLANG_ENABLE_MODULES = YES;
				CLANG_ENABLE_OBJC_ARC = YES;
				CLANG_ENABLE_OBJC_WEAK = YES;
				CLANG_WARN_BLOCK_CAPTURE_AUTORELEASING = YES;
				CLANG_WARN_BOOL_CONVERSION = YES;
				CLANG_WARN_COMMA = YES;
				CLANG_WARN_CONSTANT_CONVERSION = YES;
				CLANG_WARN_DEPRECATED_OBJC_IMPLEMENTATIONS = YES;
				CLANG_WARN_DIRECT_OBJC_ISA_USAGE = YES_ERROR;
				CLANG_WARN_DOCUMENTATION_COMMENTS = YES;
				CLANG_WARN_EMPTY_BODY = YES;
				CLANG_WARN_ENUM_CONVERSION = YES;
				CLANG_WARN_INFINITE_RECURSION = YES;
				CLANG_WARN_INT_CONVERSION = YES;
				CLANG_WARN_NON_LITERAL_NULL_CONVERSION = YES;
				CLANG_WARN_OBJC_IMPLICIT_RETAIN_SELF = YES;
				CLANG_WARN_OBJC_LITERAL_CONVERSION = YES;
				CLANG_WARN_OBJC_ROOT_CLASS = YES_ERROR;
				CLANG_WARN_QUOTED_INCLUDE_IN_FRAMEWORK_HEADER = YES;
				CLANG_WARN_RANGE_LOOP_ANALYSIS = YES;
				CLANG_WARN_STRICT_PROTOTYPES = YES;
				CLANG_WARN_SUSPICIOUS_MOVE = YES;
				CLANG_WARN_UNGUARDED_AVAILABILITY = YES_AGGRESSIVE;
				CLANG_WARN_UNREACHABLE_CODE = YES;
				CLANG_WARN__DUPLICATE_METHOD_MATCH = YES;
				CODE_SIGNING_REQUIRED = NO;
				CODE_SIGN_IDENTITY = "-";
				CODE_SIGN_STYLE = Automatic;
				COMBINE_HIDPI_IMAGES = YES;
				COPY_PHASE_STRIP = NO;
				DEBUG_INFORMATION_FORMAT = dwarf;
				ENABLE_HARDENED_RUNTIME = NO;
				ENABLE_STRICT_OBJC_MSGSEND = YES;
				ENABLE_TESTABILITY = YES;
				GCC_C_LANGUAGE_STANDARD = gnu11;
				GCC_DYNAMIC_NO_PIC = NO;
				GCC_NO_COMMON_BLOCKS = YES;
				GCC_OPTIMIZATION_LEVEL = 0;
				GCC_PREPROCESSOR_DEFINITIONS = (
					"$(inherited)",
					"DEBUG=1",
				);
				GCC_WARN_64_TO_32_BIT_CONVERSION = YES;
				GCC_WARN_ABOUT_RETURN_TYPE = YES_ERROR;
				GCC_WARN_UNDECLARED_SELECTOR = YES;
				GCC_WARN_UNINITIALIZED_AUTOS = YES_AGGRESSIVE;
				GCC_WARN_UNUSED_FUNCTION = YES;
				GCC_WARN_UNUSED_VARIABLE = YES;
				INFOPLIST_FILE = Orpheus/Resources/Info.plist;
				MACOSX_DEPLOYMENT_TARGET = 14.0;
				MTL_ENABLE_DEBUG_INFO = INCLUDE_SOURCE;
				MTL_FAST_MATH = YES;
				ONLY_ACTIVE_ARCH = YES;
				PRODUCT_BUNDLE_IDENTIFIER = com.orpheus.app;
				PRODUCT_NAME = "$(TARGET_NAME)";
				SDKROOT = macosx;
				SWIFT_ACTIVE_COMPILATION_CONDITIONS = DEBUG;
				SWIFT_OPTIMIZATION_LEVEL = "-Onone";
				SWIFT_STRICT_CONCURRENCY = complete;
				SWIFT_VERSION = 5.9;
			};
			name = Debug;
		};
		1BE2C5180BB7D11C5263BC07 /* Debug */ = {
			isa = XCBuildConfiguration;
			buildSettings = {
				BUNDLE_LOADER = "$(TEST_HOST)";
				COMBINE_HIDPI_IMAGES = YES;
				LD_RUNPATH_SEARCH_PATHS = (
					"$(inherited)",
					"@executable_path/../Frameworks",
					"@loader_path/../Frameworks",
				);
				MACOSX_DEPLOYMENT_TARGET = 14.0;
				PRODUCT_NAME = OrpheusAppTests;
				SDKROOT = macosx;
				SWIFT_STRICT_CONCURRENCY = complete;
				TEST_HOST = "$(BUILT_PRODUCTS_DIR)/Orpheus.app/Contents/MacOS/Orpheus";
			};
			name = Debug;
		};
		B6406241B7006377AEC68A00 /* Release */ = {
			isa = XCBuildConfiguration;
			buildSettings = {
				ALWAYS_SEARCH_USER_PATHS = NO;
				CLANG_ANALYZER_NONNULL = YES;
				CLANG_ANALYZER_NUMBER_OBJECT_CONVERSION = YES_AGGRESSIVE;
				CLANG_CXX_LANGUAGE_STANDARD = "gnu++14";
				CLANG_CXX_LIBRARY = "libc++";
				CLANG_ENABLE_MODULES = YES;
				CLANG_ENABLE_OBJC_ARC = YES;
				CLANG_ENABLE_OBJC_WEAK = YES;
				CLANG_WARN_BLOCK_CAPTURE_AUTORELEASING = YES;
				CLANG_WARN_BOOL_CONVERSION = YES;
				CLANG_WARN_COMMA = YES;
				CLANG_WARN_CONSTANT_CONVERSION = YES;
				CLANG_WARN_DEPRECATED_OBJC_IMPLEMENTATIONS = YES;
				CLANG_WARN_DIRECT_OBJC_ISA_USAGE = YES_ERROR;
				CLANG_WARN_DOCUMENTATION_COMMENTS = YES;
				CLANG_WARN_EMPTY_BODY = YES;
				CLANG_WARN_ENUM_CONVERSION = YES;
				CLANG_WARN_INFINITE_RECURSION = YES;
				CLANG_WARN_INT_CONVERSION = YES;
				CLANG_WARN_NON_LITERAL_NULL_CONVERSION = YES;
				CLANG_WARN_OBJC_IMPLICIT_RETAIN_SELF = YES;
				CLANG_WARN_OBJC_LITERAL_CONVERSION = YES;
				CLANG_WARN_OBJC_ROOT_CLASS = YES_ERROR;
				CLANG_WARN_QUOTED_INCLUDE_IN_FRAMEWORK_HEADER = YES;
				CLANG_WARN_RANGE_LOOP_ANALYSIS = YES;
				CLANG_WARN_STRICT_PROTOTYPES = YES;
				CLANG_WARN_SUSPICIOUS_MOVE = YES;
				CLANG_WARN_UNGUARDED_AVAILABILITY = YES_AGGRESSIVE;
				CLANG_WARN_UNREACHABLE_CODE = YES;
				CLANG_WARN__DUPLICATE_METHOD_MATCH = YES;
				CODE_SIGNING_REQUIRED = NO;
				CODE_SIGN_IDENTITY = "-";
				CODE_SIGN_STYLE = Automatic;
				COMBINE_HIDPI_IMAGES = YES;
				COPY_PHASE_STRIP = NO;
				DEBUG_INFORMATION_FORMAT = "dwarf-with-dsym";
				ENABLE_HARDENED_RUNTIME = NO;
				ENABLE_NS_ASSERTIONS = NO;
				ENABLE_STRICT_OBJC_MSGSEND = YES;
				GCC_C_LANGUAGE_STANDARD = gnu11;
				GCC_NO_COMMON_BLOCKS = YES;
				GCC_WARN_64_TO_32_BIT_CONVERSION = YES;
				GCC_WARN_ABOUT_RETURN_TYPE = YES_ERROR;
				GCC_WARN_UNDECLARED_SELECTOR = YES;
				GCC_WARN_UNINITIALIZED_AUTOS = YES_AGGRESSIVE;
				GCC_WARN_UNUSED_FUNCTION = YES;
				GCC_WARN_UNUSED_VARIABLE = YES;
				INFOPLIST_FILE = Orpheus/Resources/Info.plist;
				MACOSX_DEPLOYMENT_TARGET = 14.0;
				MTL_ENABLE_DEBUG_INFO = NO;
				MTL_FAST_MATH = YES;
				PRODUCT_BUNDLE_IDENTIFIER = com.orpheus.app;
				PRODUCT_NAME = "$(TARGET_NAME)";
				SDKROOT = macosx;
				SWIFT_COMPILATION_MODE = wholemodule;
				SWIFT_OPTIMIZATION_LEVEL = "-O";
				SWIFT_STRICT_CONCURRENCY = complete;
				SWIFT_VERSION = 5.9;
			};
			name = Release;
		};
		BFFE26ECB410FDC266D9866A /* Release */ = {
			isa = XCBuildConfiguration;
			buildSettings = {
				BUNDLE_LOADER = "$(TEST_HOST)";
				COMBINE_HIDPI_IMAGES = YES;
				LD_RUNPATH_SEARCH_PATHS = (
					"$(inherited)",
					"@executable_path/../Frameworks",
					"@loader_path/../Frameworks",
				);
				MACOSX_DEPLOYMENT_TARGET = 14.0;
				PRODUCT_NAME = OrpheusAppTests;
				SDKROOT = macosx;
				SWIFT_STRICT_CONCURRENCY = complete;
				TEST_HOST = "$(BUILT_PRODUCTS_DIR)/Orpheus.app/Contents/MacOS/Orpheus";
			};
			name = Release;
		};
		C6F431E2F5B1D93CC0A1F041 /* Release */ = {
			isa = XCBuildConfiguration;
			buildSettings = {
				ASSETCATALOG_COMPILER_APPICON_NAME = AppIcon;
				ASSETCATALOG_COMPILER_GLOBAL_ACCENT_COLOR_NAME = AccentColor;
				COMBINE_HIDPI_IMAGES = YES;
				INFOPLIST_FILE = Orpheus/Resources/Info.plist;
				LD_RUNPATH_SEARCH_PATHS = (
					"$(inherited)",
					"@executable_path/../Frameworks",
				);
				MACOSX_DEPLOYMENT_TARGET = 14.0;
				PRODUCT_NAME = Orpheus;
				SDKROOT = macosx;
				SWIFT_STRICT_CONCURRENCY = complete;
			};
			name = Release;
		};
		EE37C4BD0B7F6750FB701F58 /* Debug */ = {
			isa = XCBuildConfiguration;
			buildSettings = {
				ASSETCATALOG_COMPILER_APPICON_NAME = AppIcon;
				ASSETCATALOG_COMPILER_GLOBAL_ACCENT_COLOR_NAME = AccentColor;
				COMBINE_HIDPI_IMAGES = YES;
				INFOPLIST_FILE = Orpheus/Resources/Info.plist;
				LD_RUNPATH_SEARCH_PATHS = (
					"$(inherited)",
					"@executable_path/../Frameworks",
				);
				MACOSX_DEPLOYMENT_TARGET = 14.0;
				PRODUCT_NAME = Orpheus;
				SDKROOT = macosx;
				SWIFT_STRICT_CONCURRENCY = complete;
			};
			name = Debug;
		};
/* End XCBuildConfiguration section */

/* Begin XCConfigurationList section */
		355BA4D036E82A6D63389D71 /* Build configuration list for PBXNativeTarget "OrpheusAppTests" */ = {
			isa = XCConfigurationList;
			buildConfigurations = (
				1BE2C5180BB7D11C5263BC07 /* Debug */,
				BFFE26ECB410FDC266D9866A /* Release */,
			);
			defaultConfigurationIsVisible = 0;
			defaultConfigurationName = Debug;
		};
		4BB0712474B225768AEF1B07 /* Build configuration list for PBXProject "Orpheus" */ = {
			isa = XCConfigurationList;
			buildConfigurations = (
				0FC21AC3FDB0C1D0AE2129AB /* Debug */,
				B6406241B7006377AEC68A00 /* Release */,
			);
			defaultConfigurationIsVisible = 0;
			defaultConfigurationName = Debug;
		};
		9BDAC18DD5418CFCB7760EA2 /* Build configuration list for PBXNativeTarget "Orpheus" */ = {
			isa = XCConfigurationList;
			buildConfigurations = (
				EE37C4BD0B7F6750FB701F58 /* Debug */,
				C6F431E2F5B1D93CC0A1F041 /* Release */,
			);
			defaultConfigurationIsVisible = 0;
			defaultConfigurationName = Debug;
		};
/* End XCConfigurationList section */

/* Begin XCLocalSwiftPackageReference section */
		7DF36855902A0F37693FB8B6 /* XCLocalSwiftPackageReference "../../packages/OrpheusDesign" */ = {
			isa = XCLocalSwiftPackageReference;
			relativePath = ../../packages/OrpheusDesign;
		};
		83D6ADCE96E2D0AD191021B4 /* XCLocalSwiftPackageReference "../../packages/OrpheusCore" */ = {
			isa = XCLocalSwiftPackageReference;
			relativePath = ../../packages/OrpheusCore;
		};
/* End XCLocalSwiftPackageReference section */

/* Begin XCSwiftPackageProductDependency section */
		058AA9AE4E42DA07C0D67F28 /* OrpheusCore */ = {
			isa = XCSwiftPackageProductDependency;
			productName = OrpheusCore;
		};
		AEC4EBEFF5313627BE045940 /* OrpheusCore */ = {
			isa = XCSwiftPackageProductDependency;
			productName = OrpheusCore;
		};
		DD70FEFC9D43C0ACE9E13AA7 /* OrpheusDesign */ = {
			isa = XCSwiftPackageProductDependency;
			productName = OrpheusDesign;
		};
/* End XCSwiftPackageProductDependency section */
	};
	rootObject = 70BF91E92BF155BD11B209F0 /* Project object */;
}
